
Microsoft Visual Studio Solution File, Format Version 12.00
# Visual Studio 2013
VisualStudioVersion = 12.0.21005.1
MinimumVisualStudioVersion = 10.0.40219.1
Project("{FAE04EC0-301F-11D3-BF4B-00C04F79EFBC}") = "Bespoke.Web", "Bespoke.Web\Bespoke.Web.csproj", "{8CD6B77D-07C5-4431-A4C0-3724F7EF88DC}"
EndProject
Project("{FAE04EC0-301F-11D3-BF4B-00C04F79EFBC}") = "Bespoke.Infrastructure", "Bespoke.Infrastructure\Bespoke.Infrastructure.csproj", "{58E523BB-8791-4FD0-8779-C9945BC8F170}"
EndProject
Project("{FAE04EC0-301F-11D3-BF4B-00C04F79EFBC}") = "Bespoke.Models", "Bespoke.Model\Bespoke.Models.csproj", "{0B795B9C-23C0-41D5-8240-1A967938B408}"
EndProject
Project("{FAE04EC0-301F-11D3-BF4B-00C04F79EFBC}") = "Bespoke.Services", "Bespoke.Services\Bespoke.Services.csproj", "{10E90EEF-3DE9-4AC9-A622-454896CE3A9A}"
EndProject
Project("{FAE04EC0-301F-11D3-BF4B-00C04F79EFBC}") = "Bespoke.Data", "Bespoke.Data\Bespoke.Data.csproj", "{1AC15522-A5ED-4A5D-870E-EEA4B0D810F1}"
EndProject
Project("{FAE04EC0-301F-11D3-BF4B-00C04F79EFBC}") = "Bespoke.Data.Sql", "Bespoke.Data.Sql\Bespoke.Data.Sql.csproj", "{B45B8400-0F15-4E3B-9E05-CEBFCA2A9594}"
EndProject
Global
	GlobalSection(SolutionConfigurationPlatforms) = preSolution
		Debug|Any CPU = Debug|Any CPU
		Release|Any CPU = Release|Any CPU
		Test|Any CPU = Test|Any CPU
	EndGlobalSection
	GlobalSection(ProjectConfigurationPlatforms) = postSolution
		{8CD6B77D-07C5-4431-A4C0-3724F7EF88DC}.Debug|Any CPU.ActiveCfg = Debug|Any CPU
		{8CD6B77D-07C5-4431-A4C0-3724F7EF88DC}.Debug|Any CPU.Build.0 = Debug|Any CPU
		{8CD6B77D-07C5-4431-A4C0-3724F7EF88DC}.Release|Any CPU.ActiveCfg = Release|Any CPU
		{8CD6B77D-07C5-4431-A4C0-3724F7EF88DC}.Release|Any CPU.Build.0 = Release|Any CPU
		{8CD6B77D-07C5-4431-A4C0-3724F7EF88DC}.Test|Any CPU.ActiveCfg = Test|Any CPU
		{8CD6B77D-07C5-4431-A4C0-3724F7EF88DC}.Test|Any CPU.Build.0 = Test|Any CPU
		{58E523BB-8791-4FD0-8779-C9945BC8F170}.Debug|Any CPU.ActiveCfg = Debug|Any CPU
		{58E523BB-8791-4FD0-8779-C9945BC8F170}.Debug|Any CPU.Build.0 = Debug|Any CPU
		{58E523BB-8791-4FD0-8779-C9945BC8F170}.Release|Any CPU.ActiveCfg = Release|Any CPU
		{58E523BB-8791-4FD0-8779-C9945BC8F170}.Release|Any CPU.Build.0 = Release|Any CPU
		{58E523BB-8791-4FD0-8779-C9945BC8F170}.Test|Any CPU.ActiveCfg = Test|Any CPU
		{58E523BB-8791-4FD0-8779-C9945BC8F170}.Test|Any CPU.Build.0 = Test|Any CPU
		{0B795B9C-23C0-41D5-8240-1A967938B408}.Debug|Any CPU.ActiveCfg = Debug|Any CPU
		{0B795B9C-23C0-41D5-8240-1A967938B408}.Debug|Any CPU.Build.0 = Debug|Any CPU
		{0B795B9C-23C0-41D5-8240-1A967938B408}.Release|Any CPU.ActiveCfg = Release|Any CPU
		{0B795B9C-23C0-41D5-8240-1A967938B408}.Release|Any CPU.Build.0 = Release|Any CPU
		{0B795B9C-23C0-41D5-8240-1A967938B408}.Test|Any CPU.ActiveCfg = Test|Any CPU
		{0B795B9C-23C0-41D5-8240-1A967938B408}.Test|Any CPU.Build.0 = Test|Any CPU
		{10E90EEF-3DE9-4AC9-A622-454896CE3A9A}.Debug|Any CPU.ActiveCfg = Debug|Any CPU
		{10E90EEF-3DE9-4AC9-A622-454896CE3A9A}.Debug|Any CPU.Build.0 = Debug|Any CPU
		{10E90EEF-3DE9-4AC9-A622-454896CE3A9A}.Release|Any CPU.ActiveCfg = Release|Any CPU
		{10E90EEF-3DE9-4AC9-A622-454896CE3A9A}.Release|Any CPU.Build.0 = Release|Any CPU
		{10E90EEF-3DE9-4AC9-A622-454896CE3A9A}.Test|Any CPU.ActiveCfg = Test|Any CPU
		{10E90EEF-3DE9-4AC9-A622-454896CE3A9A}.Test|Any CPU.Build.0 = Test|Any CPU
		{1AC15522-A5ED-4A5D-870E-EEA4B0D810F1}.Debug|Any CPU.ActiveCfg = Debug|Any CPU
		{1AC15522-A5ED-4A5D-870E-EEA4B0D810F1}.Debug|Any CPU.Build.0 = Debug|Any CPU
		{1AC15522-A5ED-4A5D-870E-EEA4B0D810F1}.Release|Any CPU.ActiveCfg = Release|Any CPU
		{1AC15522-A5ED-4A5D-870E-EEA4B0D810F1}.Release|Any CPU.Build.0 = Release|Any CPU
		{1AC15522-A5ED-4A5D-870E-EEA4B0D810F1}.Test|Any CPU.ActiveCfg = Release|Any CPU
		{1AC15522-A5ED-4A5D-870E-EEA4B0D810F1}.Test|Any CPU.Build.0 = Release|Any CPU
		{B45B8400-0F15-4E3B-9E05-CEBFCA2A9594}.Debug|Any CPU.ActiveCfg = Debug|Any CPU
		{B45B8400-0F15-4E3B-9E05-CEBFCA2A9594}.Debug|Any CPU.Build.0 = Debug|Any CPU
		{B45B8400-0F15-4E3B-9E05-CEBFCA2A9594}.Release|Any CPU.ActiveCfg = Release|Any CPU
		{B45B8400-0F15-4E3B-9E05-CEBFCA2A9594}.Release|Any CPU.Build.0 = Release|Any CPU
		{B45B8400-0F15-4E3B-9E05-CEBFCA2A9594}.Test|Any CPU.ActiveCfg = Release|Any CPU
		{B45B8400-0F15-4E3B-9E05-CEBFCA2A9594}.Test|Any CPU.Build.0 = Release|Any CPU
	EndGlobalSection
	GlobalSection(SolutionProperties) = preSolution
		HideSolutionNode = FALSE
	EndGlobalSection
EndGlobal
